{
  "object": {
    "pins": [
      {
        "package": "CucumberSwiftExpressions",
        "repositoryURL": "https://github.com/cucumberswift/CucumberSwiftExpressions.git",
        "state": {
          "branch": null,
          "revision": "5200dc2c5d7cd31f07a13f030ab0027224d2dbea",
          "version": "0.0.8"
        }
      },
      {
        "package": "SwiftDocCPlugin",
        "repositoryURL": "https://github.com/apple/swift-docc-plugin",
        "state": {
          "branch": null,
          "revision": "647c708be89f834fa6a6d4945442793a77ddf5b6",
          "version": "1.5.0"
        }
      },
      {
        "package": "SymbolKit",
        "repositoryURL": "https://github.com/swiftlang/swift-docc-symbolkit",
        "state": {
          "branch": null,
          "revision": "b45d1f2ed151d057b54504d653e0da5552844e34",
          "version": "1.0.0"
        }
      }
    ]
  },
  "version": 1
}
